
Microsoft Visual Studio Solution File, Format Version 12.00
# Visual Studio Version 18
VisualStudioVersion = 18.1.11312.151
MinimumVisualStudioVersion = 10.0.40219.1
Project("{FAE04EC0-301F-11D3-BF4B-00C04F79EFBC}") = "DataStores.Tests", "DataStores.Tests\DataStores.Tests.csproj", "{4C061F6E-652A-4872-A55A-2B6A24733054}"
EndProject
Project("{2150E333-8FDC-42A3-9474-1A3956D46DE8}") = "References", "References", "{790D6944-5305-4B7A-890A-99B6B80BAC60}"
	ProjectSection(SolutionItems) = preProject
		..\..\..\Documents\Visual Studio 2022\Projects\CSharp\copilot\global-copilot-instructions.md = ..\..\..\Documents\Visual Studio 2022\Projects\CSharp\copilot\global-copilot-instructions.md
		..\..\..\Documents\Solutionbundler\bundles\Libraries\TestHelper.md = ..\..\..\Documents\Solutionbundler\bundles\Libraries\TestHelper.md
	EndProjectSection
EndProject
Project("{FAE04EC0-301F-11D3-BF4B-00C04F79EFBC}") = "DataStores", "DataStores\DataStores.csproj", "{DB484383-BAC2-8F22-9339-0D8ADB2CBA24}"
EndProject
Project("{FAE04EC0-301F-11D3-BF4B-00C04F79EFBC}") = "TestHelper.DataStores", "TestHelper.DataStores\TestHelper.DataStores.csproj", "{1D407AC1-BD87-BFF4-3731-6B4249E3E004}"
EndProject
Global
	GlobalSection(SolutionConfigurationPlatforms) = preSolution
		Debug|Any CPU = Debug|Any CPU
		Debug|x64 = Debug|x64
		Debug|x86 = Debug|x86
		Release|Any CPU = Release|Any CPU
		Release|x64 = Release|x64
		Release|x86 = Release|x86
	EndGlobalSection
	GlobalSection(ProjectConfigurationPlatforms) = postSolution
		{4C061F6E-652A-4872-A55A-2B6A24733054}.Debug|Any CPU.ActiveCfg = Debug|Any CPU
		{4C061F6E-652A-4872-A55A-2B6A24733054}.Debug|Any CPU.Build.0 = Debug|Any CPU
		{4C061F6E-652A-4872-A55A-2B6A24733054}.Debug|x64.ActiveCfg = Debug|Any CPU
		{4C061F6E-652A-4872-A55A-2B6A24733054}.Debug|x64.Build.0 = Debug|Any CPU
		{4C061F6E-652A-4872-A55A-2B6A24733054}.Debug|x86.ActiveCfg = Debug|Any CPU
		{4C061F6E-652A-4872-A55A-2B6A24733054}.Debug|x86.Build.0 = Debug|Any CPU
		{4C061F6E-652A-4872-A55A-2B6A24733054}.Release|Any CPU.ActiveCfg = Release|Any CPU
		{4C061F6E-652A-4872-A55A-2B6A24733054}.Release|Any CPU.Build.0 = Release|Any CPU
		{4C061F6E-652A-4872-A55A-2B6A24733054}.Release|x64.ActiveCfg = Release|Any CPU
		{4C061F6E-652A-4872-A55A-2B6A24733054}.Release|x64.Build.0 = Release|Any CPU
		{4C061F6E-652A-4872-A55A-2B6A24733054}.Release|x86.ActiveCfg = Release|Any CPU
		{4C061F6E-652A-4872-A55A-2B6A24733054}.Release|x86.Build.0 = Release|Any CPU
		{DB484383-BAC2-8F22-9339-0D8ADB2CBA24}.Debug|Any CPU.ActiveCfg = Debug|Any CPU
		{DB484383-BAC2-8F22-9339-0D8ADB2CBA24}.Debug|Any CPU.Build.0 = Debug|Any CPU
		{DB484383-BAC2-8F22-9339-0D8ADB2CBA24}.Debug|x64.ActiveCfg = Debug|Any CPU
		{DB484383-BAC2-8F22-9339-0D8ADB2CBA24}.Debug|x64.Build.0 = Debug|Any CPU
		{DB484383-BAC2-8F22-9339-0D8ADB2CBA24}.Debug|x86.ActiveCfg = Debug|Any CPU
		{DB484383-BAC2-8F22-9339-0D8ADB2CBA24}.Debug|x86.Build.0 = Debug|Any CPU
		{DB484383-BAC2-8F22-9339-0D8ADB2CBA24}.Release|Any CPU.ActiveCfg = Release|Any CPU
		{DB484383-BAC2-8F22-9339-0D8ADB2CBA24}.Release|Any CPU.Build.0 = Release|Any CPU
		{DB484383-BAC2-8F22-9339-0D8ADB2CBA24}.Release|x64.ActiveCfg = Release|Any CPU
		{DB484383-BAC2-8F22-9339-0D8ADB2CBA24}.Release|x64.Build.0 = Release|Any CPU
		{DB484383-BAC2-8F22-9339-0D8ADB2CBA24}.Release|x86.ActiveCfg = Release|Any CPU
		{DB484383-BAC2-8F22-9339-0D8ADB2CBA24}.Release|x86.Build.0 = Release|Any CPU
		{1D407AC1-BD87-BFF4-3731-6B4249E3E004}.Debug|Any CPU.ActiveCfg = Debug|Any CPU
		{1D407AC1-BD87-BFF4-3731-6B4249E3E004}.Debug|Any CPU.Build.0 = Debug|Any CPU
		{1D407AC1-BD87-BFF4-3731-6B4249E3E004}.Debug|x64.ActiveCfg = Debug|Any CPU
		{1D407AC1-BD87-BFF4-3731-6B4249E3E004}.Debug|x64.Build.0 = Debug|Any CPU
		{1D407AC1-BD87-BFF4-3731-6B4249E3E004}.Debug|x86.ActiveCfg = Debug|Any CPU
		{1D407AC1-BD87-BFF4-3731-6B4249E3E004}.Debug|x86.Build.0 = Debug|Any CPU
		{1D407AC1-BD87-BFF4-3731-6B4249E3E004}.Release|Any CPU.ActiveCfg = Release|Any CPU
		{1D407AC1-BD87-BFF4-3731-6B4249E3E004}.Release|Any CPU.Build.0 = Release|Any CPU
		{1D407AC1-BD87-BFF4-3731-6B4249E3E004}.Release|x64.ActiveCfg = Release|Any CPU
		{1D407AC1-BD87-BFF4-3731-6B4249E3E004}.Release|x64.Build.0 = Release|Any CPU
		{1D407AC1-BD87-BFF4-3731-6B4249E3E004}.Release|x86.ActiveCfg = Release|Any CPU
		{1D407AC1-BD87-BFF4-3731-6B4249E3E004}.Release|x86.Build.0 = Release|Any CPU
	EndGlobalSection
	GlobalSection(SolutionProperties) = preSolution
		HideSolutionNode = FALSE
	EndGlobalSection
	GlobalSection(ExtensibilityGlobals) = postSolution
		SolutionGuid = {2C8A25CF-D24A-48A6-971B-6B234F4AFA03}
	EndGlobalSection
EndGlobal
